
Microsoft Visual Studio Solution File, Format Version 12.00
# Visual Studio Version 16
VisualStudioVersion = 16.0.30523.141
MinimumVisualStudioVersion = 10.0.40219.1
Project("{FAE04EC0-301F-11D3-BF4B-00C04F79EFBC}") = "Ej1RepasoDI", "Ej1RepasoDI\Ej1RepasoDI.csproj", "{74698ED9-9DED-4E3B-A2B7-69486EA0583B}"
EndProject
Project("{FAE04EC0-301F-11D3-BF4B-00C04F79EFBC}") = "Ej2RepasoDI", "Ej2RepasoDI\Ej2RepasoDI.csproj", "{7B4E2445-8C1F-4199-96D5-4554597D61CC}"
EndProject
Global
	GlobalSection(SolutionConfigurationPlatforms) = preSolution
		Debug|Any CPU = Debug|Any CPU
		Release|Any CPU = Release|Any CPU
	EndGlobalSection
	GlobalSection(ProjectConfigurationPlatforms) = postSolution
		{74698ED9-9DED-4E3B-A2B7-69486EA0583B}.Debug|Any CPU.ActiveCfg = Debug|Any CPU
		{74698ED9-9DED-4E3B-A2B7-69486EA0583B}.Debug|Any CPU.Build.0 = Debug|Any CPU
		{74698ED9-9DED-4E3B-A2B7-69486EA0583B}.Release|Any CPU.ActiveCfg = Release|Any CPU
		{74698ED9-9DED-4E3B-A2B7-69486EA0583B}.Release|Any CPU.Build.0 = Release|Any CPU
		{7B4E2445-8C1F-4199-96D5-4554597D61CC}.Debug|Any CPU.ActiveCfg = Debug|Any CPU
		{7B4E2445-8C1F-4199-96D5-4554597D61CC}.Debug|Any CPU.Build.0 = Debug|Any CPU
		{7B4E2445-8C1F-4199-96D5-4554597D61CC}.Release|Any CPU.ActiveCfg = Release|Any CPU
		{7B4E2445-8C1F-4199-96D5-4554597D61CC}.Release|Any CPU.Build.0 = Release|Any CPU
	EndGlobalSection
	GlobalSection(SolutionProperties) = preSolution
		HideSolutionNode = FALSE
	EndGlobalSection
	GlobalSection(ExtensibilityGlobals) = postSolution
		SolutionGuid = {83161F0F-A3BC-4DCF-A022-500170BBFA21}
	EndGlobalSection
EndGlobal
